{
  "name": "mojira-message-extension",
  "version": "0.1.0",
  "lockfileVersion": 1,
  "requires": true,
  "dependencies": {
    "web-ext-types": {
      "version": "github:kelseasy/web-ext-types#117c1151a6f1b88bf3097cf6e9d0beab4a8c3e6f",
      "from": "github:kelseasy/web-ext-types",
      "dev": true
    }
  }
}
