{
  "name": "mojira-plus",
  "version": "0.5.0",
  "lockfileVersion": 2,
  "requires": true,
  "packages": {
    "": {
      "name": "mojira-plus",
      "version": "0.5.0",
      "license": "GPL-3.0",
      "dependencies": {
        "webextension-polyfill": "^0.10.0"
      },
      "devDependencies": {
        "web-ext-types": "github:kelseasy/web-ext-types"
      }
    },
    "node_modules/web-ext-types": {
      "version": "3.2.1",
      "resolved": "git+ssh://git@github.com/kelseasy/web-ext-types.git#117c1151a6f1b88bf3097cf6e9d0beab4a8c3e6f",
      "dev": true,
      "license": "MPL-2.0"
    },
    "node_modules/webextension-polyfill": {
      "version": "0.10.0",
      "resolved": "https://registry.npmjs.org/webextension-polyfill/-/webextension-polyfill-0.10.0.tgz",
      "integrity": "sha512-c5s35LgVa5tFaHhrZDnr3FpQpjj1BB+RXhLTYUxGqBVN460HkbM8TBtEqdXWbpTKfzwCcjAZVF7zXCYSKtcp9g=="
    }
  },
  "dependencies": {
    "web-ext-types": {
      "version": "git+ssh://git@github.com/kelseasy/web-ext-types.git#117c1151a6f1b88bf3097cf6e9d0beab4a8c3e6f",
      "dev": true,
      "from": "web-ext-types@github:kelseasy/web-ext-types"
    },
    "webextension-polyfill": {
      "version": "0.10.0",
      "resolved": "https://registry.npmjs.org/webextension-polyfill/-/webextension-polyfill-0.10.0.tgz",
      "integrity": "sha512-c5s35LgVa5tFaHhrZDnr3FpQpjj1BB+RXhLTYUxGqBVN460HkbM8TBtEqdXWbpTKfzwCcjAZVF7zXCYSKtcp9g=="
    }
  }
}
